
Microsoft Visual Studio Solution File, Format Version 12.00
# Visual Studio Version 17
VisualStudioVersion = 17.2.32516.85
MinimumVisualStudioVersion = 10.0.40219.1
Project("{FAE04EC0-301F-11D3-BF4B-00C04F79EFBC}") = "CartasEspaniolasApp", "CartasEspaniolasApp\CartasEspaniolasApp.csproj", "{B0F9689D-7775-4A76-BA6F-336D2FF63F02}"
EndProject
Global
	GlobalSection(SolutionConfigurationPlatforms) = preSolution
		Debug|Any CPU = Debug|Any CPU
		Release|Any CPU = Release|Any CPU
	EndGlobalSection
	GlobalSection(ProjectConfigurationPlatforms) = postSolution
		{B0F9689D-7775-4A76-BA6F-336D2FF63F02}.Debug|Any CPU.ActiveCfg = Debug|Any CPU
		{B0F9689D-7775-4A76-BA6F-336D2FF63F02}.Debug|Any CPU.Build.0 = Debug|Any CPU
		{B0F9689D-7775-4A76-BA6F-336D2FF63F02}.Release|Any CPU.ActiveCfg = Release|Any CPU
		{B0F9689D-7775-4A76-BA6F-336D2FF63F02}.Release|Any CPU.Build.0 = Release|Any CPU
	EndGlobalSection
	GlobalSection(SolutionProperties) = preSolution
		HideSolutionNode = FALSE
	EndGlobalSection
	GlobalSection(ExtensibilityGlobals) = postSolution
		SolutionGuid = {44097D34-DFA7-4136-BC2D-137A50B184CA}
	EndGlobalSection
EndGlobal
